
Microsoft Visual Studio Solution File, Format Version 12.00
# Visual Studio Version 17
VisualStudioVersion = 17.9.34728.123
MinimumVisualStudioVersion = 10.0.40219.1
Project("{FAE04EC0-301F-11D3-BF4B-00C04F79EFBC}") = "HotelManagement", "HotelManagement\HotelManagement.csproj", "{9CCC051F-0F65-4933-B939-9AFFD18AE1EE}"
EndProject
Global
	GlobalSection(SolutionConfigurationPlatforms) = preSolution
		Debug|Any CPU = Debug|Any CPU
		Release|Any CPU = Release|Any CPU
	EndGlobalSection
	GlobalSection(ProjectConfigurationPlatforms) = postSolution
		{9CCC051F-0F65-4933-B939-9AFFD18AE1EE}.Debug|Any CPU.ActiveCfg = Debug|Any CPU
		{9CCC051F-0F65-4933-B939-9AFFD18AE1EE}.Debug|Any CPU.Build.0 = Debug|Any CPU
		{9CCC051F-0F65-4933-B939-9AFFD18AE1EE}.Release|Any CPU.ActiveCfg = Release|Any CPU
		{9CCC051F-0F65-4933-B939-9AFFD18AE1EE}.Release|Any CPU.Build.0 = Release|Any CPU
	EndGlobalSection
	GlobalSection(SolutionProperties) = preSolution
		HideSolutionNode = FALSE
	EndGlobalSection
	GlobalSection(ExtensibilityGlobals) = postSolution
		SolutionGuid = {32803F6B-5048-423D-A879-354F147A2379}
	EndGlobalSection
EndGlobal
